
Microsoft Visual Studio Solution File, Format Version 12.00
# Visual Studio Version 17
VisualStudioVersion = 17.14.36623.8
MinimumVisualStudioVersion = 10.0.40219.1
Project("{FAE04EC0-301F-11D3-BF4B-00C04F79EFBC}") = "TaskFlow.API", "TaskFlow.API\TaskFlow.API.csproj", "{DF740827-CC15-4455-A4F2-896A28FFA567}"
EndProject
Project("{2150E333-8FDC-42A3-9474-1A3956D46DE8}") = "Çözüm Öğeleri", "Çözüm Öğeleri", "{AC80F682-3D55-C8F8-4895-A4A9EDD49434}"
	ProjectSection(SolutionItems) = preProject
		docker-compose.yml = docker-compose.yml
	EndProjectSection
EndProject
Global
	GlobalSection(SolutionConfigurationPlatforms) = preSolution
		Debug|Any CPU = Debug|Any CPU
		Release|Any CPU = Release|Any CPU
	EndGlobalSection
	GlobalSection(ProjectConfigurationPlatforms) = postSolution
		{DF740827-CC15-4455-A4F2-896A28FFA567}.Debug|Any CPU.ActiveCfg = Debug|Any CPU
		{DF740827-CC15-4455-A4F2-896A28FFA567}.Debug|Any CPU.Build.0 = Debug|Any CPU
		{DF740827-CC15-4455-A4F2-896A28FFA567}.Release|Any CPU.ActiveCfg = Release|Any CPU
		{DF740827-CC15-4455-A4F2-896A28FFA567}.Release|Any CPU.Build.0 = Release|Any CPU
	EndGlobalSection
	GlobalSection(SolutionProperties) = preSolution
		HideSolutionNode = FALSE
	EndGlobalSection
	GlobalSection(ExtensibilityGlobals) = postSolution
		SolutionGuid = {08CB8326-F3FB-4C1E-BE84-C5512188EFE1}
	EndGlobalSection
EndGlobal
